
Microsoft Visual Studio Solution File, Format Version 12.00
# Visual Studio Version 17
VisualStudioVersion = 17.10.35122.118
MinimumVisualStudioVersion = 10.0.40219.1
Project("{FAE04EC0-301F-11D3-BF4B-00C04F79EFBC}") = "CRUD-WebService", "CRUD-WebService\CRUD-WebService.csproj", "{42889F3E-BB21-45C8-805C-DB98645DD9BC}"
EndProject
Global
	GlobalSection(SolutionConfigurationPlatforms) = preSolution
		Debug|Any CPU = Debug|Any CPU
		Release|Any CPU = Release|Any CPU
	EndGlobalSection
	GlobalSection(ProjectConfigurationPlatforms) = postSolution
		{42889F3E-BB21-45C8-805C-DB98645DD9BC}.Debug|Any CPU.ActiveCfg = Debug|Any CPU
		{42889F3E-BB21-45C8-805C-DB98645DD9BC}.Debug|Any CPU.Build.0 = Debug|Any CPU
		{42889F3E-BB21-45C8-805C-DB98645DD9BC}.Release|Any CPU.ActiveCfg = Release|Any CPU
		{42889F3E-BB21-45C8-805C-DB98645DD9BC}.Release|Any CPU.Build.0 = Release|Any CPU
	EndGlobalSection
	GlobalSection(SolutionProperties) = preSolution
		HideSolutionNode = FALSE
	EndGlobalSection
	GlobalSection(ExtensibilityGlobals) = postSolution
		SolutionGuid = {7F9769AA-5DAA-4FAD-BD45-D14DCD92EE41}
	EndGlobalSection
EndGlobal
